<?xml version="1.0" encoding="utf-8"?>
<Project ToolsVersion="4.0" xmlns="http://schemas.microsoft.com/developer/msbuild/2003">
  <ItemGroup>
    <Filter Include="源文件">
      <UniqueIdentifier>{4FC737F1-C7A5-4376-A066-2A32D752A2FF}</UniqueIdentifier>
      <Extensions>cpp;c;cc;cxx;def;odl;idl;hpj;bat;asm;asmx</Extensions>
    </Filter>
    <Filter Include="头文件">
      <UniqueIdentifier>{93995380-89BD-4b04-88EB-625FBE52EBFB}</UniqueIdentifier>
      <Extensions>h;hpp;hxx;hm;inl;inc;xsd</Extensions>
    </Filter>
    <Filter Include="资源文件">
      <UniqueIdentifier>{67DA6AB6-F800-4c08-8B7A-83BB121AAD01}</UniqueIdentifier>
      <Extensions>rc;ico;cur;bmp;dlg;rc2;rct;bin;rgs;gif;jpg;jpeg;jpe;resx;tiff;tif;png;wav;mfcribbon-ms</Extensions>
    </Filter>
  </ItemGroup>
  <ItemGroup>
    <None Include="ReadMe.txt" />
    <None Include="res\SoGame.rc2">
      <Filter>资源文件</Filter>
    </None>
    <None Include="res\SoGame.ico">
      <Filter>资源文件</Filter>
    </None>
    <None Include="res\bk.png">
      <Filter>资源文件</Filter>
    </None>
    <None Include="res\player1_state1.png">
      <Filter>资源文件</Filter>
    </None>
    <None Include="res\player1_state2.png">
      <Filter>资源文件</Filter>
    </None>
    <None Include="res\player2_state1.png">
      <Filter>资源文件</Filter>
    </None>
    <None Include="res\player2_state2.png">
      <Filter>资源文件</Filter>
    </None>
    <None Include="res\player1_HP.png">
      <Filter>资源文件</Filter>
    </None>
    <None Include="res\player2_HP.png">
      <Filter>资源文件</Filter>
    </None>
    <None Include="res\player1_Bullet.png">
      <Filter>资源文件</Filter>
    </None>
    <None Include="res\player2_Bullet.png">
      <Filter>资源文件</Filter>
    </None>
    <None Include="res\wall.png">
      <Filter>资源文件</Filter>
    </None>
  </ItemGroup>
  <ItemGroup>
    <ClInclude Include="SoGame.h">
      <Filter>头文件</Filter>
    </ClInclude>
    <ClInclude Include="SoGameDlg.h">
      <Filter>头文件</Filter>
    </ClInclude>
    <ClInclude Include="stdafx.h">
      <Filter>头文件</Filter>
    </ClInclude>
    <ClInclude Include="targetver.h">
      <Filter>头文件</Filter>
    </ClInclude>
    <ClInclude Include="Resource.h">
      <Filter>头文件</Filter>
    </ClInclude>
  </ItemGroup>
  <ItemGroup>
    <ClCompile Include="SoGame.cpp">
      <Filter>源文件</Filter>
    </ClCompile>
    <ClCompile Include="SoGameDlg.cpp">
      <Filter>源文件</Filter>
    </ClCompile>
    <ClCompile Include="stdafx.cpp">
      <Filter>源文件</Filter>
    </ClCompile>
  </ItemGroup>
  <ItemGroup>
    <ResourceCompile Include="SoGame.rc">
      <Filter>资源文件</Filter>
    </ResourceCompile>
  </ItemGroup>
</Project>